// !$*UTF8*$!
{
	archiveVersion = 1;
	classes = {
	};
	objectVersion = 50;
	objects = {

/* Begin PBXBuildFile section */
		7897670A24F47685000A826C /* AppDelegate.swift in Sources */ = {isa = PBXBuildFile; fileRef = 7897670924F47685000A826C /* AppDelegate.swift */; };
		7897670C24F47685000A826C /* SceneDelegate.swift in Sources */ = {isa = PBXBuildFile; fileRef = 7897670B24F47685000A826C /* SceneDelegate.swift */; };
		7897670E24F47685000A826C /* ViewController.swift in Sources */ = {isa = PBXBuildFile; fileRef = 7897670D24F47685000A826C /* ViewController.swift */; };
		7897671124F47685000A826C /* Main.storyboard in Resources */ = {isa = PBXBuildFile; fileRef = 7897670F24F47685000A826C /* Main.storyboard */; };
		7897671424F47685000A826C /* MyGames.xcdatamodeld in Sources */ = {isa = PBXBuildFile; fileRef = 7897671224F47685000A826C /* MyGames.xcdatamodeld */; };
		7897671624F47693000A826C /* Assets.xcassets in Resources */ = {isa = PBXBuildFile; fileRef = 7897671524F47693000A826C /* Assets.xcassets */; };
		7897671924F47693000A826C /* LaunchScreen.storyboard in Resources */ = {isa = PBXBuildFile; fileRef = 7897671724F47693000A826C /* LaunchScreen.storyboard */; };
		7897672124F4952D000A826C /* GamesTableViewController.swift in Sources */ = {isa = PBXBuildFile; fileRef = 7897672024F4952D000A826C /* GamesTableViewController.swift */; };
		7897672524F496A7000A826C /* ConsolesTableViewController.swift in Sources */ = {isa = PBXBuildFile; fileRef = 7897672424F496A7000A826C /* ConsolesTableViewController.swift */; };
		7897672724F496D6000A826C /* GameViewController.swift in Sources */ = {isa = PBXBuildFile; fileRef = 7897672624F496D6000A826C /* GameViewController.swift */; };
		7897672924F496E4000A826C /* AddEditViewController.swift in Sources */ = {isa = PBXBuildFile; fileRef = 7897672824F496E4000A826C /* AddEditViewController.swift */; };
		7897672B24F4976E000A826C /* GameTableViewCell.swift in Sources */ = {isa = PBXBuildFile; fileRef = 7897672A24F4976E000A826C /* GameTableViewCell.swift */; };
/* End PBXBuildFile section */

/* Begin PBXFileReference section */
		7897670624F47684000A826C /* MyGames.app */ = {isa = PBXFileReference; explicitFileType = wrapper.application; includeInIndex = 0; path = MyGames.app; sourceTree = BUILT_PRODUCTS_DIR; };
		7897670924F47685000A826C /* AppDelegate.swift */ = {isa = PBXFileReference; lastKnownFileType = sourcecode.swift; path = AppDelegate.swift; sourceTree = "<group>"; };
		7897670B24F47685000A826C /* SceneDelegate.swift */ = {isa = PBXFileReference; lastKnownFileType = sourcecode.swift; path = SceneDelegate.swift; sourceTree = "<group>"; };
		7897670D24F47685000A826C /* ViewController.swift */ = {isa = PBXFileReference; lastKnownFileType = sourcecode.swift; path = ViewController.swift; sourceTree = "<group>"; };
		7897671024F47685000A826C /* Base */ = {isa = PBXFileReference; lastKnownFileType = file.storyboard; name = Base; path = Base.lproj/Main.storyboard; sourceTree = "<group>"; };
		7897671324F47685000A826C /* MyGames.xcdatamodel */ = {isa = PBXFileReference; lastKnownFileType = wrapper.xcdatamodel; path = MyGames.xcdatamodel; sourceTree = "<group>"; };
		7897671524F47693000A826C /* Assets.xcassets */ = {isa = PBXFileReference; lastKnownFileType = folder.assetcatalog; path = Assets.xcassets; sourceTree = "<group>"; };
		7897671824F47693000A826C /* Base */ = {isa = PBXFileReference; lastKnownFileType = file.storyboard; name = Base; path = Base.lproj/LaunchScreen.storyboard; sourceTree = "<group>"; };
		7897671A24F47693000A826C /* Info.plist */ = {isa = PBXFileReference; lastKnownFileType = text.plist.xml; path = Info.plist; sourceTree = "<group>"; };
		7897672024F4952D000A826C /* GamesTableViewController.swift */ = {isa = PBXFileReference; lastKnownFileType = sourcecode.swift; path = GamesTableViewController.swift; sourceTree = "<group>"; };
		7897672424F496A7000A826C /* ConsolesTableViewController.swift */ = {isa = PBXFileReference; lastKnownFileType = sourcecode.swift; path = ConsolesTableViewController.swift; sourceTree = "<group>"; };
		7897672624F496D6000A826C /* GameViewController.swift */ = {isa = PBXFileReference; lastKnownFileType = sourcecode.swift; path = GameViewController.swift; sourceTree = "<group>"; };
		7897672824F496E4000A826C /* AddEditViewController.swift */ = {isa = PBXFileReference; lastKnownFileType = sourcecode.swift; path = AddEditViewController.swift; sourceTree = "<group>"; };
		7897672A24F4976E000A826C /* GameTableViewCell.swift */ = {isa = PBXFileReference; lastKnownFileType = sourcecode.swift; path = GameTableViewCell.swift; sourceTree = "<group>"; };
/* End PBXFileReference section */

/* Begin PBXFrameworksBuildPhase section */
		7897670324F47684000A826C /* Frameworks */ = {
			isa = PBXFrameworksBuildPhase;
			buildActionMask = 2147483647;
			files = (
			);
			runOnlyForDeploymentPostprocessing = 0;
		};
/* End PBXFrameworksBuildPhase section */

/* Begin PBXGroup section */
		789766FD24F47684000A826C = {
			isa = PBXGroup;
			children = (
				7897670824F47684000A826C /* MyGames */,
				7897670724F47684000A826C /* Products */,
			);
			sourceTree = "<group>";
		};
		7897670724F47684000A826C /* Products */ = {
			isa = PBXGroup;
			children = (
				7897670624F47684000A826C /* MyGames.app */,
			);
			name = Products;
			sourceTree = "<group>";
		};
		7897670824F47684000A826C /* MyGames */ = {
			isa = PBXGroup;
			children = (
				7897670924F47685000A826C /* AppDelegate.swift */,
				7897670B24F47685000A826C /* SceneDelegate.swift */,
				7897670D24F47685000A826C /* ViewController.swift */,
				7897670F24F47685000A826C /* Main.storyboard */,
				7897671524F47693000A826C /* Assets.xcassets */,
				7897671724F47693000A826C /* LaunchScreen.storyboard */,
				7897671A24F47693000A826C /* Info.plist */,
				7897671224F47685000A826C /* MyGames.xcdatamodeld */,
				7897672024F4952D000A826C /* GamesTableViewController.swift */,
				7897672424F496A7000A826C /* ConsolesTableViewController.swift */,
				7897672624F496D6000A826C /* GameViewController.swift */,
				7897672824F496E4000A826C /* AddEditViewController.swift */,
				7897672A24F4976E000A826C /* GameTableViewCell.swift */,
			);
			path = MyGames;
			sourceTree = "<group>";
		};
/* End PBXGroup section */

/* Begin PBXNativeTarget section */
		7897670524F47684000A826C /* MyGames */ = {
			isa = PBXNativeTarget;
			buildConfigurationList = 7897671D24F47693000A826C /* Build configuration list for PBXNativeTarget "MyGames" */;
			buildPhases = (
				7897670224F47684000A826C /* Sources */,
				7897670324F47684000A826C /* Frameworks */,
				7897670424F47684000A826C /* Resources */,
			);
			buildRules = (
			);
			dependencies = (
			);
			name = MyGames;
			productName = MyGames;
			productReference = 7897670624F47684000A826C /* MyGames.app */;
			productType = "com.apple.product-type.application";
		};
/* End PBXNativeTarget section */

/* Begin PBXProject section */
		789766FE24F47684000A826C /* Project object */ = {
			isa = PBXProject;
			attributes = {
				LastSwiftUpdateCheck = 1160;
				LastUpgradeCheck = 1160;
				ORGANIZATIONNAME = Tamires;
				TargetAttributes = {
					7897670524F47684000A826C = {
						CreatedOnToolsVersion = 11.6;
					};
				};
			};
			buildConfigurationList = 7897670124F47684000A826C /* Build configuration list for PBXProject "MyGames" */;
			compatibilityVersion = "Xcode 9.3";
			developmentRegion = en;
			hasScannedForEncodings = 0;
			knownRegions = (
				en,
				Base,
			);
			mainGroup = 789766FD24F47684000A826C;
			productRefGroup = 7897670724F47684000A826C /* Products */;
			projectDirPath = "";
			projectRoot = "";
			targets = (
				7897670524F47684000A826C /* MyGames */,
			);
		};
/* End PBXProject section */

/* Begin PBXResourcesBuildPhase section */
		7897670424F47684000A826C /* Resources */ = {
			isa = PBXResourcesBuildPhase;
			buildActionMask = 2147483647;
			files = (
				7897671924F47693000A826C /* LaunchScreen.storyboard in Resources */,
				7897671624F47693000A826C /* Assets.xcassets in Resources */,
				7897671124F47685000A826C /* Main.storyboard in Resources */,
			);
			runOnlyForDeploymentPostprocessing = 0;
		};
/* End PBXResourcesBuildPhase section */

/* Begin PBXSourcesBuildPhase section */
		7897670224F47684000A826C /* Sources */ = {
			isa = PBXSourcesBuildPhase;
			buildActionMask = 2147483647;
			files = (
				7897672724F496D6000A826C /* GameViewController.swift in Sources */,
				7897670E24F47685000A826C /* ViewController.swift in Sources */,
				7897672B24F4976E000A826C /* GameTableViewCell.swift in Sources */,
				7897670A24F47685000A826C /* AppDelegate.swift in Sources */,
				7897670C24F47685000A826C /* SceneDelegate.swift in Sources */,
				7897672924F496E4000A826C /* AddEditViewController.swift in Sources */,
				7897672524F496A7000A826C /* ConsolesTableViewController.swift in Sources */,
				7897672124F4952D000A826C /* GamesTableViewController.swift in Sources */,
				7897671424F47685000A826C /* MyGames.xcdatamodeld in Sources */,
			);
			runOnlyForDeploymentPostprocessing = 0;
		};
/* End PBXSourcesBuildPhase section */

/* Begin PBXVariantGroup section */
		7897670F24F47685000A826C /* Main.storyboard */ = {
			isa = PBXVariantGroup;
			children = (
				7897671024F47685000A826C /* Base */,
			);
			name = Main.storyboard;
			sourceTree = "<group>";
		};
		7897671724F47693000A826C /* LaunchScreen.storyboard */ = {
			isa = PBXVariantGroup;
			children = (
				7897671824F47693000A826C /* Base */,
			);
			name = LaunchScreen.storyboard;
			sourceTree = "<group>";
		};
/* End PBXVariantGroup section */

/* Begin XCBuildConfiguration section */
		7897671B24F47693000A826C /* Debug */ = {
			isa = XCBuildConfiguration;
			buildSettings = {
				ALWAYS_SEARCH_USER_PATHS = NO;
				CLANG_ANALYZER_NONNULL = YES;
				CLANG_ANALYZER_NUMBER_OBJECT_CONVERSION = YES_AGGRESSIVE;
				CLANG_CXX_LANGUAGE_STANDARD = "gnu++14";
				CLANG_CXX_LIBRARY = "libc++";
				CLANG_ENABLE_MODULES = YES;
				CLANG_ENABLE_OBJC_ARC = YES;
				CLANG_ENABLE_OBJC_WEAK = YES;
				CLANG_WARN_BLOCK_CAPTURE_AUTORELEASING = YES;
				CLANG_WARN_BOOL_CONVERSION = YES;
				CLANG_WARN_COMMA = YES;
				CLANG_WARN_CONSTANT_CONVERSION = YES;
				CLANG_WARN_DEPRECATED_OBJC_IMPLEMENTATIONS = YES;
				CLANG_WARN_DIRECT_OBJC_ISA_USAGE = YES_ERROR;
				CLANG_WARN_DOCUMENTATION_COMMENTS = YES;
				CLANG_WARN_EMPTY_BODY = YES;
				CLANG_WARN_ENUM_CONVERSION = YES;
				CLANG_WARN_INFINITE_RECURSION = YES;
				CLANG_WARN_INT_CONVERSION = YES;
				CLANG_WARN_NON_LITERAL_NULL_CONVERSION = YES;
				CLANG_WARN_OBJC_IMPLICIT_RETAIN_SELF = YES;
				CLANG_WARN_OBJC_LITERAL_CONVERSION = YES;
				CLANG_WARN_OBJC_ROOT_CLASS = YES_ERROR;
				CLANG_WARN_RANGE_LOOP_ANALYSIS = YES;
				CLANG_WARN_STRICT_PROTOTYPES = YES;
				CLANG_WARN_SUSPICIOUS_MOVE = YES;
				CLANG_WARN_UNGUARDED_AVAILABILITY = YES_AGGRESSIVE;
				CLANG_WARN_UNREACHABLE_CODE = YES;
				CLANG_WARN__DUPLICATE_METHOD_MATCH = YES;
				COPY_PHASE_STRIP = NO;
				DEBUG_INFORMATION_FORMAT = dwarf;
				ENABLE_STRICT_OBJC_MSGSEND = YES;
				ENABLE_TESTABILITY = YES;
				GCC_C_LANGUAGE_STANDARD = gnu11;
				GCC_DYNAMIC_NO_PIC = NO;
				GCC_NO_COMMON_BLOCKS = YES;
				GCC_OPTIMIZATION_LEVEL = 0;
				GCC_PREPROCESSOR_DEFINITIONS = (
					"DEBUG=1",
					"$(inherited)",
				);
				GCC_WARN_64_TO_32_BIT_CONVERSION = YES;
				GCC_WARN_ABOUT_RETURN_TYPE = YES_ERROR;
				GCC_WARN_UNDECLARED_SELECTOR = YES;
				GCC_WARN_UNINITIALIZED_AUTOS = YES_AGGRESSIVE;
				GCC_WARN_UNUSED_FUNCTION = YES;
				GCC_WARN_UNUSED_VARIABLE = YES;
				IPHONEOS_DEPLOYMENT_TARGET = 13.6;
				MTL_ENABLE_DEBUG_INFO = INCLUDE_SOURCE;
				MTL_FAST_MATH = YES;
				ONLY_ACTIVE_ARCH = YES;
				SDKROOT = iphoneos;
				SWIFT_ACTIVE_COMPILATION_CONDITIONS = DEBUG;
				SWIFT_OPTIMIZATION_LEVEL = "-Onone";
			};
			name = Debug;
		};
		7897671C24F47693000A826C /* Release */ = {
			isa = XCBuildConfiguration;
			buildSettings = {
				ALWAYS_SEARCH_USER_PATHS = NO;
				CLANG_ANALYZER_NONNULL = YES;
				CLANG_ANALYZER_NUMBER_OBJECT_CONVERSION = YES_AGGRESSIVE;
				CLANG_CXX_LANGUAGE_STANDARD = "gnu++14";
				CLANG_CXX_LIBRARY = "libc++";
				CLANG_ENABLE_MODULES = YES;
				CLANG_ENABLE_OBJC_ARC = YES;
				CLANG_ENABLE_OBJC_WEAK = YES;
				CLANG_WARN_BLOCK_CAPTURE_AUTORELEASING = YES;
				CLANG_WARN_BOOL_CONVERSION = YES;
				CLANG_WARN_COMMA = YES;
				CLANG_WARN_CONSTANT_CONVERSION = YES;
				CLANG_WARN_DEPRECATED_OBJC_IMPLEMENTATIONS = YES;
				CLANG_WARN_DIRECT_OBJC_ISA_USAGE = YES_ERROR;
				CLANG_WARN_DOCUMENTATION_COMMENTS = YES;
				CLANG_WARN_EMPTY_BODY = YES;
				CLANG_WARN_ENUM_CONVERSION = YES;
				CLANG_WARN_INFINITE_RECURSION = YES;
				CLANG_WARN_INT_CONVERSION = YES;
				CLANG_WARN_NON_LITERAL_NULL_CONVERSION = YES;
				CLANG_WARN_OBJC_IMPLICIT_RETAIN_SELF = YES;
				CLANG_WARN_OBJC_LITERAL_CONVERSION = YES;
				CLANG_WARN_OBJC_ROOT_CLASS = YES_ERROR;
				CLANG_WARN_RANGE_LOOP_ANALYSIS = YES;
				CLANG_WARN_STRICT_PROTOTYPES = YES;
				CLANG_WARN_SUSPICIOUS_MOVE = YES;
				CLANG_WARN_UNGUARDED_AVAILABILITY = YES_AGGRESSIVE;
				CLANG_WARN_UNREACHABLE_CODE = YES;
				CLANG_WARN__DUPLICATE_METHOD_MATCH = YES;
				COPY_PHASE_STRIP = NO;
				DEBUG_INFORMATION_FORMAT = "dwarf-with-dsym";
				ENABLE_NS_ASSERTIONS = NO;
				ENABLE_STRICT_OBJC_MSGSEND = YES;
				GCC_C_LANGUAGE_STANDARD = gnu11;
				GCC_NO_COMMON_BLOCKS = YES;
				GCC_WARN_64_TO_32_BIT_CONVERSION = YES;
				GCC_WARN_ABOUT_RETURN_TYPE = YES_ERROR;
				GCC_WARN_UNDECLARED_SELECTOR = YES;
				GCC_WARN_UNINITIALIZED_AUTOS = YES_AGGRESSIVE;
				GCC_WARN_UNUSED_FUNCTION = YES;
				GCC_WARN_UNUSED_VARIABLE = YES;
				IPHONEOS_DEPLOYMENT_TARGET = 13.6;
				MTL_ENABLE_DEBUG_INFO = NO;
				MTL_FAST_MATH = YES;
				SDKROOT = iphoneos;
				SWIFT_COMPILATION_MODE = wholemodule;
				SWIFT_OPTIMIZATION_LEVEL = "-O";
				VALIDATE_PRODUCT = YES;
			};
			name = Release;
		};
		7897671E24F47693000A826C /* Debug */ = {
			isa = XCBuildConfiguration;
			buildSettings = {
				ASSETCATALOG_COMPILER_APPICON_NAME = AppIcon;
				CODE_SIGN_STYLE = Automatic;
				INFOPLIST_FILE = MyGames/Info.plist;
				LD_RUNPATH_SEARCH_PATHS = (
					"$(inherited)",
					"@executable_path/Frameworks",
				);
				PRODUCT_BUNDLE_IDENTIFIER = tamires.MyGames;
				PRODUCT_NAME = "$(TARGET_NAME)";
				SWIFT_VERSION = 5.0;
				TARGETED_DEVICE_FAMILY = "1,2";
			};
			name = Debug;
		};
		7897671F24F47693000A826C /* Release */ = {
			isa = XCBuildConfiguration;
			buildSettings = {
				ASSETCATALOG_COMPILER_APPICON_NAME = AppIcon;
				CODE_SIGN_STYLE = Automatic;
				INFOPLIST_FILE = MyGames/Info.plist;
				LD_RUNPATH_SEARCH_PATHS = (
					"$(inherited)",
					"@executable_path/Frameworks",
				);
				PRODUCT_BUNDLE_IDENTIFIER = tamires.MyGames;
				PRODUCT_NAME = "$(TARGET_NAME)";
				SWIFT_VERSION = 5.0;
				TARGETED_DEVICE_FAMILY = "1,2";
			};
			name = Release;
		};
/* End XCBuildConfiguration section */

/* Begin XCConfigurationList section */
		7897670124F47684000A826C /* Build configuration list for PBXProject "MyGames" */ = {
			isa = XCConfigurationList;
			buildConfigurations = (
				7897671B24F47693000A826C /* Debug */,
				7897671C24F47693000A826C /* Release */,
			);
			defaultConfigurationIsVisible = 0;
			defaultConfigurationName = Release;
		};
		7897671D24F47693000A826C /* Build configuration list for PBXNativeTarget "MyGames" */ = {
			isa = XCConfigurationList;
			buildConfigurations = (
				7897671E24F47693000A826C /* Debug */,
				7897671F24F47693000A826C /* Release */,
			);
			defaultConfigurationIsVisible = 0;
			defaultConfigurationName = Release;
		};
/* End XCConfigurationList section */

/* Begin XCVersionGroup section */
		7897671224F47685000A826C /* MyGames.xcdatamodeld */ = {
			isa = XCVersionGroup;
			children = (
				7897671324F47685000A826C /* MyGames.xcdatamodel */,
			);
			currentVersion = 7897671324F47685000A826C /* MyGames.xcdatamodel */;
			path = MyGames.xcdatamodeld;
			sourceTree = "<group>";
			versionGroupType = wrapper.xcdatamodel;
		};
/* End XCVersionGroup section */
	};
	rootObject = 789766FE24F47684000A826C /* Project object */;
}
